
Microsoft Visual Studio Solution File, Format Version 12.00
# Visual Studio Version 17
VisualStudioVersion = 17.0.32002.185
MinimumVisualStudioVersion = 10.0.40219.1
Project("{FAE04EC0-301F-11D3-BF4B-00C04F79EFBC}") = "JobManager.Android", "JobManager.Android\JobManager.Android.csproj", "{73CA3860-DF27-4B04-954C-283924C8E9C1}"
EndProject
Project("{FAE04EC0-301F-11D3-BF4B-00C04F79EFBC}") = "JobManager", "JobManager\JobManager.csproj", "{F0779F13-B12D-46AB-9482-D2CC61DEDCA2}"
EndProject
Global
	GlobalSection(SolutionConfigurationPlatforms) = preSolution
		Debug|Any CPU = Debug|Any CPU
		Release|Any CPU = Release|Any CPU
	EndGlobalSection
	GlobalSection(ProjectConfigurationPlatforms) = postSolution
		{73CA3860-DF27-4B04-954C-283924C8E9C1}.Debug|Any CPU.ActiveCfg = Debug|Any CPU
		{73CA3860-DF27-4B04-954C-283924C8E9C1}.Debug|Any CPU.Build.0 = Debug|Any CPU
		{73CA3860-DF27-4B04-954C-283924C8E9C1}.Debug|Any CPU.Deploy.0 = Debug|Any CPU
		{73CA3860-DF27-4B04-954C-283924C8E9C1}.Release|Any CPU.ActiveCfg = Release|Any CPU
		{73CA3860-DF27-4B04-954C-283924C8E9C1}.Release|Any CPU.Build.0 = Release|Any CPU
		{73CA3860-DF27-4B04-954C-283924C8E9C1}.Release|Any CPU.Deploy.0 = Release|Any CPU
		{F0779F13-B12D-46AB-9482-D2CC61DEDCA2}.Debug|Any CPU.ActiveCfg = Debug|Any CPU
		{F0779F13-B12D-46AB-9482-D2CC61DEDCA2}.Debug|Any CPU.Build.0 = Debug|Any CPU
		{F0779F13-B12D-46AB-9482-D2CC61DEDCA2}.Debug|Any CPU.Deploy.0 = Debug|Any CPU
		{F0779F13-B12D-46AB-9482-D2CC61DEDCA2}.Release|Any CPU.ActiveCfg = Release|Any CPU
		{F0779F13-B12D-46AB-9482-D2CC61DEDCA2}.Release|Any CPU.Build.0 = Release|Any CPU
		{F0779F13-B12D-46AB-9482-D2CC61DEDCA2}.Release|Any CPU.Deploy.0 = Release|Any CPU
	EndGlobalSection
	GlobalSection(SolutionProperties) = preSolution
		HideSolutionNode = FALSE
	EndGlobalSection
	GlobalSection(ExtensibilityGlobals) = postSolution
		SolutionGuid = {C51A6307-22CB-4CBD-A133-3308AC3959C5}
	EndGlobalSection
EndGlobal
