
Microsoft Visual Studio Solution File, Format Version 12.00
# Visual Studio Version 17
VisualStudioVersion = 17.0.32002.185
MinimumVisualStudioVersion = 10.0.40219.1
Project("{9A19103F-16F7-4668-BE54-9A1E7A4F7556}") = "JobManager.API", "CreateWebApi\JobManager.API.csproj", "{A6F78935-441B-41E7-BCD3-755F236C11EC}"
EndProject
Global
	GlobalSection(SolutionConfigurationPlatforms) = preSolution
		Debug|Any CPU = Debug|Any CPU
		Release|Any CPU = Release|Any CPU
	EndGlobalSection
	GlobalSection(ProjectConfigurationPlatforms) = postSolution
		{A6F78935-441B-41E7-BCD3-755F236C11EC}.Debug|Any CPU.ActiveCfg = Debug|Any CPU
		{A6F78935-441B-41E7-BCD3-755F236C11EC}.Debug|Any CPU.Build.0 = Debug|Any CPU
		{A6F78935-441B-41E7-BCD3-755F236C11EC}.Release|Any CPU.ActiveCfg = Release|Any CPU
		{A6F78935-441B-41E7-BCD3-755F236C11EC}.Release|Any CPU.Build.0 = Release|Any CPU
	EndGlobalSection
	GlobalSection(SolutionProperties) = preSolution
		HideSolutionNode = FALSE
	EndGlobalSection
	GlobalSection(ExtensibilityGlobals) = postSolution
		SolutionGuid = {113F9108-3990-416F-B5AD-4E80B4491BA1}
	EndGlobalSection
EndGlobal
